
Microsoft Visual Studio Solution File, Format Version 12.00
# Visual Studio 15
VisualStudioVersion = 15.0.28307.136
MinimumVisualStudioVersion = 10.0.40219.1
Project("{FAE04EC0-301F-11D3-BF4B-00C04F79EFBC}") = "VoresWebshop", "VoresWebshop\VoresWebshop.csproj", "{F29F3B6D-A039-48EC-A06B-B14E290D0851}"
EndProject
Global
	GlobalSection(SolutionConfigurationPlatforms) = preSolution
		Debug|Any CPU = Debug|Any CPU
		Release|Any CPU = Release|Any CPU
	EndGlobalSection
	GlobalSection(ProjectConfigurationPlatforms) = postSolution
		{F29F3B6D-A039-48EC-A06B-B14E290D0851}.Debug|Any CPU.ActiveCfg = Debug|Any CPU
		{F29F3B6D-A039-48EC-A06B-B14E290D0851}.Debug|Any CPU.Build.0 = Debug|Any CPU
		{F29F3B6D-A039-48EC-A06B-B14E290D0851}.Release|Any CPU.ActiveCfg = Release|Any CPU
		{F29F3B6D-A039-48EC-A06B-B14E290D0851}.Release|Any CPU.Build.0 = Release|Any CPU
	EndGlobalSection
	GlobalSection(SolutionProperties) = preSolution
		HideSolutionNode = FALSE
	EndGlobalSection
	GlobalSection(ExtensibilityGlobals) = postSolution
		SolutionGuid = {42FDF5C8-9247-431F-8736-B32A6E8CBBE9}
	EndGlobalSection
EndGlobal
